
Microsoft Visual Studio Solution File, Format Version 12.00
# Visual Studio Version 17
VisualStudioVersion = 17.6.33712.159
MinimumVisualStudioVersion = 10.0.40219.1
Project("{FAE04EC0-301F-11D3-BF4B-00C04F79EFBC}") = "WebApplication1", "WebApplication1\WebApplication1.csproj", "{11A06CA6-2B27-4B19-941C-4EA389D924E5}"
EndProject
Global
	GlobalSection(SolutionConfigurationPlatforms) = preSolution
		Debug|Any CPU = Debug|Any CPU
		Release|Any CPU = Release|Any CPU
	EndGlobalSection
	GlobalSection(ProjectConfigurationPlatforms) = postSolution
		{11A06CA6-2B27-4B19-941C-4EA389D924E5}.Debug|Any CPU.ActiveCfg = Debug|Any CPU
		{11A06CA6-2B27-4B19-941C-4EA389D924E5}.Debug|Any CPU.Build.0 = Debug|Any CPU
		{11A06CA6-2B27-4B19-941C-4EA389D924E5}.Release|Any CPU.ActiveCfg = Release|Any CPU
		{11A06CA6-2B27-4B19-941C-4EA389D924E5}.Release|Any CPU.Build.0 = Release|Any CPU
	EndGlobalSection
	GlobalSection(SolutionProperties) = preSolution
		HideSolutionNode = FALSE
	EndGlobalSection
	GlobalSection(ExtensibilityGlobals) = postSolution
		SolutionGuid = {50B5BE50-4358-4F3B-A28B-F0CE99ED2D36}
	EndGlobalSection
EndGlobal
