
Microsoft Visual Studio Solution File, Format Version 12.00
# Visual Studio Version 17
VisualStudioVersion = 17.6.33712.159
MinimumVisualStudioVersion = 10.0.40219.1
Project("{FAE04EC0-301F-11D3-BF4B-00C04F79EFBC}") = "App", "App\App.csproj", "{1F592B35-518D-40CC-88B1-9B79123C9D9B}"
EndProject
Global
	GlobalSection(SolutionConfigurationPlatforms) = preSolution
		Debug|Any CPU = Debug|Any CPU
		Release|Any CPU = Release|Any CPU
	EndGlobalSection
	GlobalSection(ProjectConfigurationPlatforms) = postSolution
		{1F592B35-518D-40CC-88B1-9B79123C9D9B}.Debug|Any CPU.ActiveCfg = Debug|Any CPU
		{1F592B35-518D-40CC-88B1-9B79123C9D9B}.Debug|Any CPU.Build.0 = Debug|Any CPU
		{1F592B35-518D-40CC-88B1-9B79123C9D9B}.Release|Any CPU.ActiveCfg = Release|Any CPU
		{1F592B35-518D-40CC-88B1-9B79123C9D9B}.Release|Any CPU.Build.0 = Release|Any CPU
	EndGlobalSection
	GlobalSection(SolutionProperties) = preSolution
		HideSolutionNode = FALSE
	EndGlobalSection
	GlobalSection(ExtensibilityGlobals) = postSolution
		SolutionGuid = {6F644BF6-F840-4D78-90E4-88410DE398CC}
	EndGlobalSection
EndGlobal
